
Microsoft Visual Studio Solution File, Format Version 12.00
# Visual Studio 15
VisualStudioVersion = 15.0.27703.2042
MinimumVisualStudioVersion = 10.0.40219.1
Project("{2150E333-8FDC-42A3-9474-1A3956D46DE8}") = "Lib", "Lib", "{AF84AF78-2EE7-413B-9BD9-E8464EF25F29}"
EndProject
Project("{2150E333-8FDC-42A3-9474-1A3956D46DE8}") = "Sample", "Sample", "{FCBD7C47-8573-4182-A930-965BD0124CCD}"
EndProject
Project("{2150E333-8FDC-42A3-9474-1A3956D46DE8}") = "Wiki", "Wiki", "{B0B6D823-06B5-4D74-A107-BB36E2178361}"
EndProject
Project("{9A19103F-16F7-4668-BE54-9A1E7A4F7556}") = "MaterialKit.Core", "MaterialKit\MaterialKit.Core.csproj", "{1BA18585-9D8F-4C4E-831A-5C805A904974}"
EndProject
Project("{FAE04EC0-301F-11D3-BF4B-00C04F79EFBC}") = "SampleMaterialKit.Android", "SampleMaterialKit\SampleMaterialKit.Android\SampleMaterialKit.Android.csproj", "{FD704D00-4484-4B40-947F-02258D7E4927}"
EndProject
Project("{FAE04EC0-301F-11D3-BF4B-00C04F79EFBC}") = "SampleMaterialKit.iOS", "SampleMaterialKit\SampleMaterialKit.iOS\SampleMaterialKit.iOS.csproj", "{315D456C-74B0-4789-AAC0-C6E48C03F37A}"
EndProject
Project("{9A19103F-16F7-4668-BE54-9A1E7A4F7556}") = "SampleMaterialKit", "SampleMaterialKit\SampleMaterialKit\SampleMaterialKit.csproj", "{16640190-6025-43A5-AB37-534967697275}"
EndProject
Project("{9A19103F-16F7-4668-BE54-9A1E7A4F7556}") = "MaterialKit.Backdrop", "Lib\MaterialKit.Backdrop\MaterialKit.Backdrop.csproj", "{DA038BC0-6D27-4D58-BCCA-A06D486EB8F3}"
EndProject
Project("{2150E333-8FDC-42A3-9474-1A3956D46DE8}") = "Solution Items", "Solution Items", "{E89956F7-08DB-4DF7-A4CA-A3E3FC69157C}"
	ProjectSection(SolutionItems) = preProject
		README.md = README.md
	EndProjectSection
EndProject
Global
	GlobalSection(SolutionConfigurationPlatforms) = preSolution
		Ad-Hoc|Any CPU = Ad-Hoc|Any CPU
		Ad-Hoc|iPhone = Ad-Hoc|iPhone
		Ad-Hoc|iPhoneSimulator = Ad-Hoc|iPhoneSimulator
		AppStore|Any CPU = AppStore|Any CPU
		AppStore|iPhone = AppStore|iPhone
		AppStore|iPhoneSimulator = AppStore|iPhoneSimulator
		Debug|Any CPU = Debug|Any CPU
		Debug|iPhone = Debug|iPhone
		Debug|iPhoneSimulator = Debug|iPhoneSimulator
		Release|Any CPU = Release|Any CPU
		Release|iPhone = Release|iPhone
		Release|iPhoneSimulator = Release|iPhoneSimulator
	EndGlobalSection
	GlobalSection(ProjectConfigurationPlatforms) = postSolution
		{1BA18585-9D8F-4C4E-831A-5C805A904974}.Ad-Hoc|Any CPU.ActiveCfg = Release|Any CPU
		{1BA18585-9D8F-4C4E-831A-5C805A904974}.Ad-Hoc|Any CPU.Build.0 = Release|Any CPU
		{1BA18585-9D8F-4C4E-831A-5C805A904974}.Ad-Hoc|iPhone.ActiveCfg = Release|Any CPU
		{1BA18585-9D8F-4C4E-831A-5C805A904974}.Ad-Hoc|iPhone.Build.0 = Release|Any CPU
		{1BA18585-9D8F-4C4E-831A-5C805A904974}.Ad-Hoc|iPhoneSimulator.ActiveCfg = Release|Any CPU
		{1BA18585-9D8F-4C4E-831A-5C805A904974}.Ad-Hoc|iPhoneSimulator.Build.0 = Release|Any CPU
		{1BA18585-9D8F-4C4E-831A-5C805A904974}.AppStore|Any CPU.ActiveCfg = Release|Any CPU
		{1BA18585-9D8F-4C4E-831A-5C805A904974}.AppStore|Any CPU.Build.0 = Release|Any CPU
		{1BA18585-9D8F-4C4E-831A-5C805A904974}.AppStore|iPhone.ActiveCfg = Release|Any CPU
		{1BA18585-9D8F-4C4E-831A-5C805A904974}.AppStore|iPhone.Build.0 = Release|Any CPU
		{1BA18585-9D8F-4C4E-831A-5C805A904974}.AppStore|iPhoneSimulator.ActiveCfg = Release|Any CPU
		{1BA18585-9D8F-4C4E-831A-5C805A904974}.AppStore|iPhoneSimulator.Build.0 = Release|Any CPU
		{1BA18585-9D8F-4C4E-831A-5C805A904974}.Debug|Any CPU.ActiveCfg = Debug|Any CPU
		{1BA18585-9D8F-4C4E-831A-5C805A904974}.Debug|Any CPU.Build.0 = Debug|Any CPU
		{1BA18585-9D8F-4C4E-831A-5C805A904974}.Debug|iPhone.ActiveCfg = Debug|Any CPU
		{1BA18585-9D8F-4C4E-831A-5C805A904974}.Debug|iPhone.Build.0 = Debug|Any CPU
		{1BA18585-9D8F-4C4E-831A-5C805A904974}.Debug|iPhoneSimulator.ActiveCfg = Debug|Any CPU
		{1BA18585-9D8F-4C4E-831A-5C805A904974}.Debug|iPhoneSimulator.Build.0 = Debug|Any CPU
		{1BA18585-9D8F-4C4E-831A-5C805A904974}.Release|Any CPU.ActiveCfg = Release|Any CPU
		{1BA18585-9D8F-4C4E-831A-5C805A904974}.Release|Any CPU.Build.0 = Release|Any CPU
		{1BA18585-9D8F-4C4E-831A-5C805A904974}.Release|iPhone.ActiveCfg = Release|Any CPU
		{1BA18585-9D8F-4C4E-831A-5C805A904974}.Release|iPhone.Build.0 = Release|Any CPU
		{1BA18585-9D8F-4C4E-831A-5C805A904974}.Release|iPhoneSimulator.ActiveCfg = Release|Any CPU
		{1BA18585-9D8F-4C4E-831A-5C805A904974}.Release|iPhoneSimulator.Build.0 = Release|Any CPU
		{FD704D00-4484-4B40-947F-02258D7E4927}.Ad-Hoc|Any CPU.ActiveCfg = Release|Any CPU
		{FD704D00-4484-4B40-947F-02258D7E4927}.Ad-Hoc|Any CPU.Build.0 = Release|Any CPU
		{FD704D00-4484-4B40-947F-02258D7E4927}.Ad-Hoc|Any CPU.Deploy.0 = Release|Any CPU
		{FD704D00-4484-4B40-947F-02258D7E4927}.Ad-Hoc|iPhone.ActiveCfg = Release|Any CPU
		{FD704D00-4484-4B40-947F-02258D7E4927}.Ad-Hoc|iPhone.Build.0 = Release|Any CPU
		{FD704D00-4484-4B40-947F-02258D7E4927}.Ad-Hoc|iPhone.Deploy.0 = Release|Any CPU
		{FD704D00-4484-4B40-947F-02258D7E4927}.Ad-Hoc|iPhoneSimulator.ActiveCfg = Release|Any CPU
		{FD704D00-4484-4B40-947F-02258D7E4927}.Ad-Hoc|iPhoneSimulator.Build.0 = Release|Any CPU
		{FD704D00-4484-4B40-947F-02258D7E4927}.Ad-Hoc|iPhoneSimulator.Deploy.0 = Release|Any CPU
		{FD704D00-4484-4B40-947F-02258D7E4927}.AppStore|Any CPU.ActiveCfg = Release|Any CPU
		{FD704D00-4484-4B40-947F-02258D7E4927}.AppStore|Any CPU.Build.0 = Release|Any CPU
		{FD704D00-4484-4B40-947F-02258D7E4927}.AppStore|Any CPU.Deploy.0 = Release|Any CPU
		{FD704D00-4484-4B40-947F-02258D7E4927}.AppStore|iPhone.ActiveCfg = Release|Any CPU
		{FD704D00-4484-4B40-947F-02258D7E4927}.AppStore|iPhone.Build.0 = Release|Any CPU
		{FD704D00-4484-4B40-947F-02258D7E4927}.AppStore|iPhone.Deploy.0 = Release|Any CPU
		{FD704D00-4484-4B40-947F-02258D7E4927}.AppStore|iPhoneSimulator.ActiveCfg = Release|Any CPU
		{FD704D00-4484-4B40-947F-02258D7E4927}.AppStore|iPhoneSimulator.Build.0 = Release|Any CPU
		{FD704D00-4484-4B40-947F-02258D7E4927}.AppStore|iPhoneSimulator.Deploy.0 = Release|Any CPU
		{FD704D00-4484-4B40-947F-02258D7E4927}.Debug|Any CPU.ActiveCfg = Debug|Any CPU
		{FD704D00-4484-4B40-947F-02258D7E4927}.Debug|Any CPU.Build.0 = Debug|Any CPU
		{FD704D00-4484-4B40-947F-02258D7E4927}.Debug|Any CPU.Deploy.0 = Debug|Any CPU
		{FD704D00-4484-4B40-947F-02258D7E4927}.Debug|iPhone.ActiveCfg = Debug|Any CPU
		{FD704D00-4484-4B40-947F-02258D7E4927}.Debug|iPhone.Build.0 = Debug|Any CPU
		{FD704D00-4484-4B40-947F-02258D7E4927}.Debug|iPhone.Deploy.0 = Debug|Any CPU
		{FD704D00-4484-4B40-947F-02258D7E4927}.Debug|iPhoneSimulator.ActiveCfg = Debug|Any CPU
		{FD704D00-4484-4B40-947F-02258D7E4927}.Debug|iPhoneSimulator.Build.0 = Debug|Any CPU
		{FD704D00-4484-4B40-947F-02258D7E4927}.Debug|iPhoneSimulator.Deploy.0 = Debug|Any CPU
		{FD704D00-4484-4B40-947F-02258D7E4927}.Release|Any CPU.ActiveCfg = Release|Any CPU
		{FD704D00-4484-4B40-947F-02258D7E4927}.Release|Any CPU.Build.0 = Release|Any CPU
		{FD704D00-4484-4B40-947F-02258D7E4927}.Release|Any CPU.Deploy.0 = Release|Any CPU
		{FD704D00-4484-4B40-947F-02258D7E4927}.Release|iPhone.ActiveCfg = Release|Any CPU
		{FD704D00-4484-4B40-947F-02258D7E4927}.Release|iPhone.Build.0 = Release|Any CPU
		{FD704D00-4484-4B40-947F-02258D7E4927}.Release|iPhone.Deploy.0 = Release|Any CPU
		{FD704D00-4484-4B40-947F-02258D7E4927}.Release|iPhoneSimulator.ActiveCfg = Release|Any CPU
		{FD704D00-4484-4B40-947F-02258D7E4927}.Release|iPhoneSimulator.Build.0 = Release|Any CPU
		{FD704D00-4484-4B40-947F-02258D7E4927}.Release|iPhoneSimulator.Deploy.0 = Release|Any CPU
		{315D456C-74B0-4789-AAC0-C6E48C03F37A}.Ad-Hoc|Any CPU.ActiveCfg = Ad-Hoc|iPhone
		{315D456C-74B0-4789-AAC0-C6E48C03F37A}.Ad-Hoc|iPhone.ActiveCfg = Ad-Hoc|iPhone
		{315D456C-74B0-4789-AAC0-C6E48C03F37A}.Ad-Hoc|iPhone.Build.0 = Ad-Hoc|iPhone
		{315D456C-74B0-4789-AAC0-C6E48C03F37A}.Ad-Hoc|iPhoneSimulator.ActiveCfg = Ad-Hoc|iPhoneSimulator
		{315D456C-74B0-4789-AAC0-C6E48C03F37A}.Ad-Hoc|iPhoneSimulator.Build.0 = Ad-Hoc|iPhoneSimulator
		{315D456C-74B0-4789-AAC0-C6E48C03F37A}.AppStore|Any CPU.ActiveCfg = AppStore|iPhone
		{315D456C-74B0-4789-AAC0-C6E48C03F37A}.AppStore|iPhone.ActiveCfg = AppStore|iPhone
		{315D456C-74B0-4789-AAC0-C6E48C03F37A}.AppStore|iPhone.Build.0 = AppStore|iPhone
		{315D456C-74B0-4789-AAC0-C6E48C03F37A}.AppStore|iPhoneSimulator.ActiveCfg = AppStore|iPhoneSimulator
		{315D456C-74B0-4789-AAC0-C6E48C03F37A}.AppStore|iPhoneSimulator.Build.0 = AppStore|iPhoneSimulator
		{315D456C-74B0-4789-AAC0-C6E48C03F37A}.Debug|Any CPU.ActiveCfg = Debug|iPhone
		{315D456C-74B0-4789-AAC0-C6E48C03F37A}.Debug|iPhone.ActiveCfg = Debug|iPhone
		{315D456C-74B0-4789-AAC0-C6E48C03F37A}.Debug|iPhone.Build.0 = Debug|iPhone
		{315D456C-74B0-4789-AAC0-C6E48C03F37A}.Debug|iPhoneSimulator.ActiveCfg = Debug|iPhoneSimulator
		{315D456C-74B0-4789-AAC0-C6E48C03F37A}.Debug|iPhoneSimulator.Build.0 = Debug|iPhoneSimulator
		{315D456C-74B0-4789-AAC0-C6E48C03F37A}.Release|Any CPU.ActiveCfg = Release|iPhone
		{315D456C-74B0-4789-AAC0-C6E48C03F37A}.Release|iPhone.ActiveCfg = Release|iPhone
		{315D456C-74B0-4789-AAC0-C6E48C03F37A}.Release|iPhone.Build.0 = Release|iPhone
		{315D456C-74B0-4789-AAC0-C6E48C03F37A}.Release|iPhoneSimulator.ActiveCfg = Release|iPhoneSimulator
		{315D456C-74B0-4789-AAC0-C6E48C03F37A}.Release|iPhoneSimulator.Build.0 = Release|iPhoneSimulator
		{16640190-6025-43A5-AB37-534967697275}.Ad-Hoc|Any CPU.ActiveCfg = Debug|Any CPU
		{16640190-6025-43A5-AB37-534967697275}.Ad-Hoc|Any CPU.Build.0 = Debug|Any CPU
		{16640190-6025-43A5-AB37-534967697275}.Ad-Hoc|iPhone.ActiveCfg = Debug|Any CPU
		{16640190-6025-43A5-AB37-534967697275}.Ad-Hoc|iPhone.Build.0 = Debug|Any CPU
		{16640190-6025-43A5-AB37-534967697275}.Ad-Hoc|iPhoneSimulator.ActiveCfg = Debug|Any CPU
		{16640190-6025-43A5-AB37-534967697275}.Ad-Hoc|iPhoneSimulator.Build.0 = Debug|Any CPU
		{16640190-6025-43A5-AB37-534967697275}.AppStore|Any CPU.ActiveCfg = Debug|Any CPU
		{16640190-6025-43A5-AB37-534967697275}.AppStore|Any CPU.Build.0 = Debug|Any CPU
		{16640190-6025-43A5-AB37-534967697275}.AppStore|iPhone.ActiveCfg = Debug|Any CPU
		{16640190-6025-43A5-AB37-534967697275}.AppStore|iPhone.Build.0 = Debug|Any CPU
		{16640190-6025-43A5-AB37-534967697275}.AppStore|iPhoneSimulator.ActiveCfg = Debug|Any CPU
		{16640190-6025-43A5-AB37-534967697275}.AppStore|iPhoneSimulator.Build.0 = Debug|Any CPU
		{16640190-6025-43A5-AB37-534967697275}.Debug|Any CPU.ActiveCfg = Debug|Any CPU
		{16640190-6025-43A5-AB37-534967697275}.Debug|Any CPU.Build.0 = Debug|Any CPU
		{16640190-6025-43A5-AB37-534967697275}.Debug|iPhone.ActiveCfg = Debug|Any CPU
		{16640190-6025-43A5-AB37-534967697275}.Debug|iPhone.Build.0 = Debug|Any CPU
		{16640190-6025-43A5-AB37-534967697275}.Debug|iPhoneSimulator.ActiveCfg = Debug|Any CPU
		{16640190-6025-43A5-AB37-534967697275}.Debug|iPhoneSimulator.Build.0 = Debug|Any CPU
		{16640190-6025-43A5-AB37-534967697275}.Release|Any CPU.ActiveCfg = Release|Any CPU
		{16640190-6025-43A5-AB37-534967697275}.Release|Any CPU.Build.0 = Release|Any CPU
		{16640190-6025-43A5-AB37-534967697275}.Release|iPhone.ActiveCfg = Release|Any CPU
		{16640190-6025-43A5-AB37-534967697275}.Release|iPhone.Build.0 = Release|Any CPU
		{16640190-6025-43A5-AB37-534967697275}.Release|iPhoneSimulator.ActiveCfg = Release|Any CPU
		{16640190-6025-43A5-AB37-534967697275}.Release|iPhoneSimulator.Build.0 = Release|Any CPU
		{DA038BC0-6D27-4D58-BCCA-A06D486EB8F3}.Ad-Hoc|Any CPU.ActiveCfg = Debug|Any CPU
		{DA038BC0-6D27-4D58-BCCA-A06D486EB8F3}.Ad-Hoc|Any CPU.Build.0 = Debug|Any CPU
		{DA038BC0-6D27-4D58-BCCA-A06D486EB8F3}.Ad-Hoc|iPhone.ActiveCfg = Debug|Any CPU
		{DA038BC0-6D27-4D58-BCCA-A06D486EB8F3}.Ad-Hoc|iPhone.Build.0 = Debug|Any CPU
		{DA038BC0-6D27-4D58-BCCA-A06D486EB8F3}.Ad-Hoc|iPhoneSimulator.ActiveCfg = Debug|Any CPU
		{DA038BC0-6D27-4D58-BCCA-A06D486EB8F3}.Ad-Hoc|iPhoneSimulator.Build.0 = Debug|Any CPU
		{DA038BC0-6D27-4D58-BCCA-A06D486EB8F3}.AppStore|Any CPU.ActiveCfg = Debug|Any CPU
		{DA038BC0-6D27-4D58-BCCA-A06D486EB8F3}.AppStore|Any CPU.Build.0 = Debug|Any CPU
		{DA038BC0-6D27-4D58-BCCA-A06D486EB8F3}.AppStore|iPhone.ActiveCfg = Debug|Any CPU
		{DA038BC0-6D27-4D58-BCCA-A06D486EB8F3}.AppStore|iPhone.Build.0 = Debug|Any CPU
		{DA038BC0-6D27-4D58-BCCA-A06D486EB8F3}.AppStore|iPhoneSimulator.ActiveCfg = Debug|Any CPU
		{DA038BC0-6D27-4D58-BCCA-A06D486EB8F3}.AppStore|iPhoneSimulator.Build.0 = Debug|Any CPU
		{DA038BC0-6D27-4D58-BCCA-A06D486EB8F3}.Debug|Any CPU.ActiveCfg = Debug|Any CPU
		{DA038BC0-6D27-4D58-BCCA-A06D486EB8F3}.Debug|Any CPU.Build.0 = Debug|Any CPU
		{DA038BC0-6D27-4D58-BCCA-A06D486EB8F3}.Debug|iPhone.ActiveCfg = Debug|Any CPU
		{DA038BC0-6D27-4D58-BCCA-A06D486EB8F3}.Debug|iPhone.Build.0 = Debug|Any CPU
		{DA038BC0-6D27-4D58-BCCA-A06D486EB8F3}.Debug|iPhoneSimulator.ActiveCfg = Debug|Any CPU
		{DA038BC0-6D27-4D58-BCCA-A06D486EB8F3}.Debug|iPhoneSimulator.Build.0 = Debug|Any CPU
		{DA038BC0-6D27-4D58-BCCA-A06D486EB8F3}.Release|Any CPU.ActiveCfg = Release|Any CPU
		{DA038BC0-6D27-4D58-BCCA-A06D486EB8F3}.Release|Any CPU.Build.0 = Release|Any CPU
		{DA038BC0-6D27-4D58-BCCA-A06D486EB8F3}.Release|iPhone.ActiveCfg = Release|Any CPU
		{DA038BC0-6D27-4D58-BCCA-A06D486EB8F3}.Release|iPhone.Build.0 = Release|Any CPU
		{DA038BC0-6D27-4D58-BCCA-A06D486EB8F3}.Release|iPhoneSimulator.ActiveCfg = Release|Any CPU
		{DA038BC0-6D27-4D58-BCCA-A06D486EB8F3}.Release|iPhoneSimulator.Build.0 = Release|Any CPU
	EndGlobalSection
	GlobalSection(SolutionProperties) = preSolution
		HideSolutionNode = FALSE
	EndGlobalSection
	GlobalSection(NestedProjects) = preSolution
		{1BA18585-9D8F-4C4E-831A-5C805A904974} = {AF84AF78-2EE7-413B-9BD9-E8464EF25F29}
		{FD704D00-4484-4B40-947F-02258D7E4927} = {FCBD7C47-8573-4182-A930-965BD0124CCD}
		{315D456C-74B0-4789-AAC0-C6E48C03F37A} = {FCBD7C47-8573-4182-A930-965BD0124CCD}
		{16640190-6025-43A5-AB37-534967697275} = {FCBD7C47-8573-4182-A930-965BD0124CCD}
		{DA038BC0-6D27-4D58-BCCA-A06D486EB8F3} = {AF84AF78-2EE7-413B-9BD9-E8464EF25F29}
	EndGlobalSection
	GlobalSection(ExtensibilityGlobals) = postSolution
		SolutionGuid = {9C0EC3B8-26D1-4EA6-8797-47C705EB488D}
	EndGlobalSection
EndGlobal
