
Microsoft Visual Studio Solution File, Format Version 12.00
# Visual Studio 15
VisualStudioVersion = 15.0.27703.2042
MinimumVisualStudioVersion = 10.0.40219.1
Project("{2150E333-8FDC-42A3-9474-1A3956D46DE8}") = "Lib", "Lib", "{AF84AF78-2EE7-413B-9BD9-E8464EF25F29}"
EndProject
Project("{2150E333-8FDC-42A3-9474-1A3956D46DE8}") = "Sample", "Sample", "{FCBD7C47-8573-4182-A930-965BD0124CCD}"
EndProject
Project("{2150E333-8FDC-42A3-9474-1A3956D46DE8}") = "Wiki", "Wiki", "{B0B6D823-06B5-4D74-A107-BB36E2178361}"
EndProject
Project("{2150E333-8FDC-42A3-9474-1A3956D46DE8}") = "Solution Items", "Solution Items", "{E89956F7-08DB-4DF7-A4CA-A3E3FC69157C}"
	ProjectSection(SolutionItems) = preProject
		README.md = README.md
	EndProjectSection
EndProject
Project("{FAE04EC0-301F-11D3-BF4B-00C04F79EFBC}") = "SampleMaterialKit.Android", "SampleMaterialKit\SampleMaterialKit.Android\SampleMaterialKit.Android.csproj", "{DD5B7E9B-EC08-4193-868A-9F0F5A1B7ED8}"
EndProject
Project("{FAE04EC0-301F-11D3-BF4B-00C04F79EFBC}") = "SampleMaterialKit.iOS", "SampleMaterialKit\SampleMaterialKit.iOS\SampleMaterialKit.iOS.csproj", "{EDA56E08-B485-4249-B352-81B9035FCBA1}"
EndProject
Project("{9A19103F-16F7-4668-BE54-9A1E7A4F7556}") = "SampleMaterialKit", "SampleMaterialKit\SampleMaterialKit\SampleMaterialKit.csproj", "{C054D911-AD1B-4A66-9276-55E4A16B9FED}"
EndProject
Project("{9A19103F-16F7-4668-BE54-9A1E7A4F7556}") = "MaterialKit.Core", "Lib\MaterialKit\MaterialKit.Core.csproj", "{FC20FFBF-452C-4438-AE0E-95C1852545F1}"
EndProject
Project("{9A19103F-16F7-4668-BE54-9A1E7A4F7556}") = "MaterialKit.Backdrop", "Lib\MaterialKit.Backdrop\MaterialKit.Backdrop.csproj", "{8B244545-50E2-4B0D-852A-603881DE83DD}"
EndProject
Project("{9A19103F-16F7-4668-BE54-9A1E7A4F7556}") = "MaterialKit.Chips", "Lib\MaterialKit.Chips\MaterialKit.Chips.csproj", "{418B2258-955F-4E19-95F7-1A454355934C}"
EndProject
Global
	GlobalSection(SolutionConfigurationPlatforms) = preSolution
		Ad-Hoc|Any CPU = Ad-Hoc|Any CPU
		Ad-Hoc|iPhone = Ad-Hoc|iPhone
		Ad-Hoc|iPhoneSimulator = Ad-Hoc|iPhoneSimulator
		AppStore|Any CPU = AppStore|Any CPU
		AppStore|iPhone = AppStore|iPhone
		AppStore|iPhoneSimulator = AppStore|iPhoneSimulator
		Debug|Any CPU = Debug|Any CPU
		Debug|iPhone = Debug|iPhone
		Debug|iPhoneSimulator = Debug|iPhoneSimulator
		Release|Any CPU = Release|Any CPU
		Release|iPhone = Release|iPhone
		Release|iPhoneSimulator = Release|iPhoneSimulator
	EndGlobalSection
	GlobalSection(ProjectConfigurationPlatforms) = postSolution
		{DD5B7E9B-EC08-4193-868A-9F0F5A1B7ED8}.Ad-Hoc|Any CPU.ActiveCfg = Release|Any CPU
		{DD5B7E9B-EC08-4193-868A-9F0F5A1B7ED8}.Ad-Hoc|Any CPU.Build.0 = Release|Any CPU
		{DD5B7E9B-EC08-4193-868A-9F0F5A1B7ED8}.Ad-Hoc|Any CPU.Deploy.0 = Release|Any CPU
		{DD5B7E9B-EC08-4193-868A-9F0F5A1B7ED8}.Ad-Hoc|iPhone.ActiveCfg = Release|Any CPU
		{DD5B7E9B-EC08-4193-868A-9F0F5A1B7ED8}.Ad-Hoc|iPhone.Build.0 = Release|Any CPU
		{DD5B7E9B-EC08-4193-868A-9F0F5A1B7ED8}.Ad-Hoc|iPhone.Deploy.0 = Release|Any CPU
		{DD5B7E9B-EC08-4193-868A-9F0F5A1B7ED8}.Ad-Hoc|iPhoneSimulator.ActiveCfg = Release|Any CPU
		{DD5B7E9B-EC08-4193-868A-9F0F5A1B7ED8}.Ad-Hoc|iPhoneSimulator.Build.0 = Release|Any CPU
		{DD5B7E9B-EC08-4193-868A-9F0F5A1B7ED8}.Ad-Hoc|iPhoneSimulator.Deploy.0 = Release|Any CPU
		{DD5B7E9B-EC08-4193-868A-9F0F5A1B7ED8}.AppStore|Any CPU.ActiveCfg = Release|Any CPU
		{DD5B7E9B-EC08-4193-868A-9F0F5A1B7ED8}.AppStore|Any CPU.Build.0 = Release|Any CPU
		{DD5B7E9B-EC08-4193-868A-9F0F5A1B7ED8}.AppStore|Any CPU.Deploy.0 = Release|Any CPU
		{DD5B7E9B-EC08-4193-868A-9F0F5A1B7ED8}.AppStore|iPhone.ActiveCfg = Release|Any CPU
		{DD5B7E9B-EC08-4193-868A-9F0F5A1B7ED8}.AppStore|iPhone.Build.0 = Release|Any CPU
		{DD5B7E9B-EC08-4193-868A-9F0F5A1B7ED8}.AppStore|iPhone.Deploy.0 = Release|Any CPU
		{DD5B7E9B-EC08-4193-868A-9F0F5A1B7ED8}.AppStore|iPhoneSimulator.ActiveCfg = Release|Any CPU
		{DD5B7E9B-EC08-4193-868A-9F0F5A1B7ED8}.AppStore|iPhoneSimulator.Build.0 = Release|Any CPU
		{DD5B7E9B-EC08-4193-868A-9F0F5A1B7ED8}.AppStore|iPhoneSimulator.Deploy.0 = Release|Any CPU
		{DD5B7E9B-EC08-4193-868A-9F0F5A1B7ED8}.Debug|Any CPU.ActiveCfg = Debug|Any CPU
		{DD5B7E9B-EC08-4193-868A-9F0F5A1B7ED8}.Debug|Any CPU.Build.0 = Debug|Any CPU
		{DD5B7E9B-EC08-4193-868A-9F0F5A1B7ED8}.Debug|Any CPU.Deploy.0 = Debug|Any CPU
		{DD5B7E9B-EC08-4193-868A-9F0F5A1B7ED8}.Debug|iPhone.ActiveCfg = Debug|Any CPU
		{DD5B7E9B-EC08-4193-868A-9F0F5A1B7ED8}.Debug|iPhone.Build.0 = Debug|Any CPU
		{DD5B7E9B-EC08-4193-868A-9F0F5A1B7ED8}.Debug|iPhone.Deploy.0 = Debug|Any CPU
		{DD5B7E9B-EC08-4193-868A-9F0F5A1B7ED8}.Debug|iPhoneSimulator.ActiveCfg = Debug|Any CPU
		{DD5B7E9B-EC08-4193-868A-9F0F5A1B7ED8}.Debug|iPhoneSimulator.Build.0 = Debug|Any CPU
		{DD5B7E9B-EC08-4193-868A-9F0F5A1B7ED8}.Debug|iPhoneSimulator.Deploy.0 = Debug|Any CPU
		{DD5B7E9B-EC08-4193-868A-9F0F5A1B7ED8}.Release|Any CPU.ActiveCfg = Release|Any CPU
		{DD5B7E9B-EC08-4193-868A-9F0F5A1B7ED8}.Release|Any CPU.Build.0 = Release|Any CPU
		{DD5B7E9B-EC08-4193-868A-9F0F5A1B7ED8}.Release|Any CPU.Deploy.0 = Release|Any CPU
		{DD5B7E9B-EC08-4193-868A-9F0F5A1B7ED8}.Release|iPhone.ActiveCfg = Release|Any CPU
		{DD5B7E9B-EC08-4193-868A-9F0F5A1B7ED8}.Release|iPhone.Build.0 = Release|Any CPU
		{DD5B7E9B-EC08-4193-868A-9F0F5A1B7ED8}.Release|iPhone.Deploy.0 = Release|Any CPU
		{DD5B7E9B-EC08-4193-868A-9F0F5A1B7ED8}.Release|iPhoneSimulator.ActiveCfg = Release|Any CPU
		{DD5B7E9B-EC08-4193-868A-9F0F5A1B7ED8}.Release|iPhoneSimulator.Build.0 = Release|Any CPU
		{DD5B7E9B-EC08-4193-868A-9F0F5A1B7ED8}.Release|iPhoneSimulator.Deploy.0 = Release|Any CPU
		{EDA56E08-B485-4249-B352-81B9035FCBA1}.Ad-Hoc|Any CPU.ActiveCfg = Ad-Hoc|iPhone
		{EDA56E08-B485-4249-B352-81B9035FCBA1}.Ad-Hoc|iPhone.ActiveCfg = Ad-Hoc|iPhone
		{EDA56E08-B485-4249-B352-81B9035FCBA1}.Ad-Hoc|iPhone.Build.0 = Ad-Hoc|iPhone
		{EDA56E08-B485-4249-B352-81B9035FCBA1}.Ad-Hoc|iPhoneSimulator.ActiveCfg = Ad-Hoc|iPhoneSimulator
		{EDA56E08-B485-4249-B352-81B9035FCBA1}.Ad-Hoc|iPhoneSimulator.Build.0 = Ad-Hoc|iPhoneSimulator
		{EDA56E08-B485-4249-B352-81B9035FCBA1}.AppStore|Any CPU.ActiveCfg = AppStore|iPhone
		{EDA56E08-B485-4249-B352-81B9035FCBA1}.AppStore|iPhone.ActiveCfg = AppStore|iPhone
		{EDA56E08-B485-4249-B352-81B9035FCBA1}.AppStore|iPhone.Build.0 = AppStore|iPhone
		{EDA56E08-B485-4249-B352-81B9035FCBA1}.AppStore|iPhoneSimulator.ActiveCfg = AppStore|iPhoneSimulator
		{EDA56E08-B485-4249-B352-81B9035FCBA1}.AppStore|iPhoneSimulator.Build.0 = AppStore|iPhoneSimulator
		{EDA56E08-B485-4249-B352-81B9035FCBA1}.Debug|Any CPU.ActiveCfg = Debug|iPhone
		{EDA56E08-B485-4249-B352-81B9035FCBA1}.Debug|iPhone.ActiveCfg = Debug|iPhone
		{EDA56E08-B485-4249-B352-81B9035FCBA1}.Debug|iPhone.Build.0 = Debug|iPhone
		{EDA56E08-B485-4249-B352-81B9035FCBA1}.Debug|iPhoneSimulator.ActiveCfg = Debug|iPhoneSimulator
		{EDA56E08-B485-4249-B352-81B9035FCBA1}.Debug|iPhoneSimulator.Build.0 = Debug|iPhoneSimulator
		{EDA56E08-B485-4249-B352-81B9035FCBA1}.Release|Any CPU.ActiveCfg = Release|iPhone
		{EDA56E08-B485-4249-B352-81B9035FCBA1}.Release|iPhone.ActiveCfg = Release|iPhone
		{EDA56E08-B485-4249-B352-81B9035FCBA1}.Release|iPhone.Build.0 = Release|iPhone
		{EDA56E08-B485-4249-B352-81B9035FCBA1}.Release|iPhoneSimulator.ActiveCfg = Release|iPhoneSimulator
		{EDA56E08-B485-4249-B352-81B9035FCBA1}.Release|iPhoneSimulator.Build.0 = Release|iPhoneSimulator
		{C054D911-AD1B-4A66-9276-55E4A16B9FED}.Ad-Hoc|Any CPU.ActiveCfg = Debug|Any CPU
		{C054D911-AD1B-4A66-9276-55E4A16B9FED}.Ad-Hoc|Any CPU.Build.0 = Debug|Any CPU
		{C054D911-AD1B-4A66-9276-55E4A16B9FED}.Ad-Hoc|iPhone.ActiveCfg = Debug|Any CPU
		{C054D911-AD1B-4A66-9276-55E4A16B9FED}.Ad-Hoc|iPhone.Build.0 = Debug|Any CPU
		{C054D911-AD1B-4A66-9276-55E4A16B9FED}.Ad-Hoc|iPhoneSimulator.ActiveCfg = Debug|Any CPU
		{C054D911-AD1B-4A66-9276-55E4A16B9FED}.Ad-Hoc|iPhoneSimulator.Build.0 = Debug|Any CPU
		{C054D911-AD1B-4A66-9276-55E4A16B9FED}.AppStore|Any CPU.ActiveCfg = Debug|Any CPU
		{C054D911-AD1B-4A66-9276-55E4A16B9FED}.AppStore|Any CPU.Build.0 = Debug|Any CPU
		{C054D911-AD1B-4A66-9276-55E4A16B9FED}.AppStore|iPhone.ActiveCfg = Debug|Any CPU
		{C054D911-AD1B-4A66-9276-55E4A16B9FED}.AppStore|iPhone.Build.0 = Debug|Any CPU
		{C054D911-AD1B-4A66-9276-55E4A16B9FED}.AppStore|iPhoneSimulator.ActiveCfg = Debug|Any CPU
		{C054D911-AD1B-4A66-9276-55E4A16B9FED}.AppStore|iPhoneSimulator.Build.0 = Debug|Any CPU
		{C054D911-AD1B-4A66-9276-55E4A16B9FED}.Debug|Any CPU.ActiveCfg = Debug|Any CPU
		{C054D911-AD1B-4A66-9276-55E4A16B9FED}.Debug|Any CPU.Build.0 = Debug|Any CPU
		{C054D911-AD1B-4A66-9276-55E4A16B9FED}.Debug|iPhone.ActiveCfg = Debug|Any CPU
		{C054D911-AD1B-4A66-9276-55E4A16B9FED}.Debug|iPhone.Build.0 = Debug|Any CPU
		{C054D911-AD1B-4A66-9276-55E4A16B9FED}.Debug|iPhoneSimulator.ActiveCfg = Debug|Any CPU
		{C054D911-AD1B-4A66-9276-55E4A16B9FED}.Debug|iPhoneSimulator.Build.0 = Debug|Any CPU
		{C054D911-AD1B-4A66-9276-55E4A16B9FED}.Release|Any CPU.ActiveCfg = Release|Any CPU
		{C054D911-AD1B-4A66-9276-55E4A16B9FED}.Release|Any CPU.Build.0 = Release|Any CPU
		{C054D911-AD1B-4A66-9276-55E4A16B9FED}.Release|iPhone.ActiveCfg = Release|Any CPU
		{C054D911-AD1B-4A66-9276-55E4A16B9FED}.Release|iPhone.Build.0 = Release|Any CPU
		{C054D911-AD1B-4A66-9276-55E4A16B9FED}.Release|iPhoneSimulator.ActiveCfg = Release|Any CPU
		{C054D911-AD1B-4A66-9276-55E4A16B9FED}.Release|iPhoneSimulator.Build.0 = Release|Any CPU
		{FC20FFBF-452C-4438-AE0E-95C1852545F1}.Ad-Hoc|Any CPU.ActiveCfg = Debug|Any CPU
		{FC20FFBF-452C-4438-AE0E-95C1852545F1}.Ad-Hoc|Any CPU.Build.0 = Debug|Any CPU
		{FC20FFBF-452C-4438-AE0E-95C1852545F1}.Ad-Hoc|iPhone.ActiveCfg = Debug|Any CPU
		{FC20FFBF-452C-4438-AE0E-95C1852545F1}.Ad-Hoc|iPhone.Build.0 = Debug|Any CPU
		{FC20FFBF-452C-4438-AE0E-95C1852545F1}.Ad-Hoc|iPhoneSimulator.ActiveCfg = Debug|Any CPU
		{FC20FFBF-452C-4438-AE0E-95C1852545F1}.Ad-Hoc|iPhoneSimulator.Build.0 = Debug|Any CPU
		{FC20FFBF-452C-4438-AE0E-95C1852545F1}.AppStore|Any CPU.ActiveCfg = Debug|Any CPU
		{FC20FFBF-452C-4438-AE0E-95C1852545F1}.AppStore|Any CPU.Build.0 = Debug|Any CPU
		{FC20FFBF-452C-4438-AE0E-95C1852545F1}.AppStore|iPhone.ActiveCfg = Debug|Any CPU
		{FC20FFBF-452C-4438-AE0E-95C1852545F1}.AppStore|iPhone.Build.0 = Debug|Any CPU
		{FC20FFBF-452C-4438-AE0E-95C1852545F1}.AppStore|iPhoneSimulator.ActiveCfg = Debug|Any CPU
		{FC20FFBF-452C-4438-AE0E-95C1852545F1}.AppStore|iPhoneSimulator.Build.0 = Debug|Any CPU
		{FC20FFBF-452C-4438-AE0E-95C1852545F1}.Debug|Any CPU.ActiveCfg = Debug|Any CPU
		{FC20FFBF-452C-4438-AE0E-95C1852545F1}.Debug|Any CPU.Build.0 = Debug|Any CPU
		{FC20FFBF-452C-4438-AE0E-95C1852545F1}.Debug|iPhone.ActiveCfg = Debug|Any CPU
		{FC20FFBF-452C-4438-AE0E-95C1852545F1}.Debug|iPhone.Build.0 = Debug|Any CPU
		{FC20FFBF-452C-4438-AE0E-95C1852545F1}.Debug|iPhoneSimulator.ActiveCfg = Debug|Any CPU
		{FC20FFBF-452C-4438-AE0E-95C1852545F1}.Debug|iPhoneSimulator.Build.0 = Debug|Any CPU
		{FC20FFBF-452C-4438-AE0E-95C1852545F1}.Release|Any CPU.ActiveCfg = Release|Any CPU
		{FC20FFBF-452C-4438-AE0E-95C1852545F1}.Release|Any CPU.Build.0 = Release|Any CPU
		{FC20FFBF-452C-4438-AE0E-95C1852545F1}.Release|iPhone.ActiveCfg = Release|Any CPU
		{FC20FFBF-452C-4438-AE0E-95C1852545F1}.Release|iPhone.Build.0 = Release|Any CPU
		{FC20FFBF-452C-4438-AE0E-95C1852545F1}.Release|iPhoneSimulator.ActiveCfg = Release|Any CPU
		{FC20FFBF-452C-4438-AE0E-95C1852545F1}.Release|iPhoneSimulator.Build.0 = Release|Any CPU
		{8B244545-50E2-4B0D-852A-603881DE83DD}.Ad-Hoc|Any CPU.ActiveCfg = Debug|Any CPU
		{8B244545-50E2-4B0D-852A-603881DE83DD}.Ad-Hoc|Any CPU.Build.0 = Debug|Any CPU
		{8B244545-50E2-4B0D-852A-603881DE83DD}.Ad-Hoc|iPhone.ActiveCfg = Debug|Any CPU
		{8B244545-50E2-4B0D-852A-603881DE83DD}.Ad-Hoc|iPhone.Build.0 = Debug|Any CPU
		{8B244545-50E2-4B0D-852A-603881DE83DD}.Ad-Hoc|iPhoneSimulator.ActiveCfg = Debug|Any CPU
		{8B244545-50E2-4B0D-852A-603881DE83DD}.Ad-Hoc|iPhoneSimulator.Build.0 = Debug|Any CPU
		{8B244545-50E2-4B0D-852A-603881DE83DD}.AppStore|Any CPU.ActiveCfg = Debug|Any CPU
		{8B244545-50E2-4B0D-852A-603881DE83DD}.AppStore|Any CPU.Build.0 = Debug|Any CPU
		{8B244545-50E2-4B0D-852A-603881DE83DD}.AppStore|iPhone.ActiveCfg = Debug|Any CPU
		{8B244545-50E2-4B0D-852A-603881DE83DD}.AppStore|iPhone.Build.0 = Debug|Any CPU
		{8B244545-50E2-4B0D-852A-603881DE83DD}.AppStore|iPhoneSimulator.ActiveCfg = Debug|Any CPU
		{8B244545-50E2-4B0D-852A-603881DE83DD}.AppStore|iPhoneSimulator.Build.0 = Debug|Any CPU
		{8B244545-50E2-4B0D-852A-603881DE83DD}.Debug|Any CPU.ActiveCfg = Debug|Any CPU
		{8B244545-50E2-4B0D-852A-603881DE83DD}.Debug|Any CPU.Build.0 = Debug|Any CPU
		{8B244545-50E2-4B0D-852A-603881DE83DD}.Debug|iPhone.ActiveCfg = Debug|Any CPU
		{8B244545-50E2-4B0D-852A-603881DE83DD}.Debug|iPhone.Build.0 = Debug|Any CPU
		{8B244545-50E2-4B0D-852A-603881DE83DD}.Debug|iPhoneSimulator.ActiveCfg = Debug|Any CPU
		{8B244545-50E2-4B0D-852A-603881DE83DD}.Debug|iPhoneSimulator.Build.0 = Debug|Any CPU
		{8B244545-50E2-4B0D-852A-603881DE83DD}.Release|Any CPU.ActiveCfg = Release|Any CPU
		{8B244545-50E2-4B0D-852A-603881DE83DD}.Release|Any CPU.Build.0 = Release|Any CPU
		{8B244545-50E2-4B0D-852A-603881DE83DD}.Release|iPhone.ActiveCfg = Release|Any CPU
		{8B244545-50E2-4B0D-852A-603881DE83DD}.Release|iPhone.Build.0 = Release|Any CPU
		{8B244545-50E2-4B0D-852A-603881DE83DD}.Release|iPhoneSimulator.ActiveCfg = Release|Any CPU
		{8B244545-50E2-4B0D-852A-603881DE83DD}.Release|iPhoneSimulator.Build.0 = Release|Any CPU
		{418B2258-955F-4E19-95F7-1A454355934C}.Ad-Hoc|Any CPU.ActiveCfg = Debug|Any CPU
		{418B2258-955F-4E19-95F7-1A454355934C}.Ad-Hoc|Any CPU.Build.0 = Debug|Any CPU
		{418B2258-955F-4E19-95F7-1A454355934C}.Ad-Hoc|iPhone.ActiveCfg = Debug|Any CPU
		{418B2258-955F-4E19-95F7-1A454355934C}.Ad-Hoc|iPhone.Build.0 = Debug|Any CPU
		{418B2258-955F-4E19-95F7-1A454355934C}.Ad-Hoc|iPhoneSimulator.ActiveCfg = Debug|Any CPU
		{418B2258-955F-4E19-95F7-1A454355934C}.Ad-Hoc|iPhoneSimulator.Build.0 = Debug|Any CPU
		{418B2258-955F-4E19-95F7-1A454355934C}.AppStore|Any CPU.ActiveCfg = Debug|Any CPU
		{418B2258-955F-4E19-95F7-1A454355934C}.AppStore|Any CPU.Build.0 = Debug|Any CPU
		{418B2258-955F-4E19-95F7-1A454355934C}.AppStore|iPhone.ActiveCfg = Debug|Any CPU
		{418B2258-955F-4E19-95F7-1A454355934C}.AppStore|iPhone.Build.0 = Debug|Any CPU
		{418B2258-955F-4E19-95F7-1A454355934C}.AppStore|iPhoneSimulator.ActiveCfg = Debug|Any CPU
		{418B2258-955F-4E19-95F7-1A454355934C}.AppStore|iPhoneSimulator.Build.0 = Debug|Any CPU
		{418B2258-955F-4E19-95F7-1A454355934C}.Debug|Any CPU.ActiveCfg = Debug|Any CPU
		{418B2258-955F-4E19-95F7-1A454355934C}.Debug|Any CPU.Build.0 = Debug|Any CPU
		{418B2258-955F-4E19-95F7-1A454355934C}.Debug|iPhone.ActiveCfg = Debug|Any CPU
		{418B2258-955F-4E19-95F7-1A454355934C}.Debug|iPhone.Build.0 = Debug|Any CPU
		{418B2258-955F-4E19-95F7-1A454355934C}.Debug|iPhoneSimulator.ActiveCfg = Debug|Any CPU
		{418B2258-955F-4E19-95F7-1A454355934C}.Debug|iPhoneSimulator.Build.0 = Debug|Any CPU
		{418B2258-955F-4E19-95F7-1A454355934C}.Release|Any CPU.ActiveCfg = Release|Any CPU
		{418B2258-955F-4E19-95F7-1A454355934C}.Release|Any CPU.Build.0 = Release|Any CPU
		{418B2258-955F-4E19-95F7-1A454355934C}.Release|iPhone.ActiveCfg = Release|Any CPU
		{418B2258-955F-4E19-95F7-1A454355934C}.Release|iPhone.Build.0 = Release|Any CPU
		{418B2258-955F-4E19-95F7-1A454355934C}.Release|iPhoneSimulator.ActiveCfg = Release|Any CPU
		{418B2258-955F-4E19-95F7-1A454355934C}.Release|iPhoneSimulator.Build.0 = Release|Any CPU
	EndGlobalSection
	GlobalSection(SolutionProperties) = preSolution
		HideSolutionNode = FALSE
	EndGlobalSection
	GlobalSection(NestedProjects) = preSolution
		{DD5B7E9B-EC08-4193-868A-9F0F5A1B7ED8} = {FCBD7C47-8573-4182-A930-965BD0124CCD}
		{EDA56E08-B485-4249-B352-81B9035FCBA1} = {FCBD7C47-8573-4182-A930-965BD0124CCD}
		{C054D911-AD1B-4A66-9276-55E4A16B9FED} = {FCBD7C47-8573-4182-A930-965BD0124CCD}
		{FC20FFBF-452C-4438-AE0E-95C1852545F1} = {AF84AF78-2EE7-413B-9BD9-E8464EF25F29}
		{8B244545-50E2-4B0D-852A-603881DE83DD} = {AF84AF78-2EE7-413B-9BD9-E8464EF25F29}
		{418B2258-955F-4E19-95F7-1A454355934C} = {AF84AF78-2EE7-413B-9BD9-E8464EF25F29}
	EndGlobalSection
	GlobalSection(ExtensibilityGlobals) = postSolution
		SolutionGuid = {9C0EC3B8-26D1-4EA6-8797-47C705EB488D}
	EndGlobalSection
EndGlobal
