
Microsoft Visual Studio Solution File, Format Version 12.00
# Visual Studio 15
VisualStudioVersion = 15.0.27703.2042
MinimumVisualStudioVersion = 10.0.40219.1
Project("{2150E333-8FDC-42A3-9474-1A3956D46DE8}") = "Lib", "Lib", "{AF84AF78-2EE7-413B-9BD9-E8464EF25F29}"
EndProject
Project("{2150E333-8FDC-42A3-9474-1A3956D46DE8}") = "Sample", "Sample", "{FCBD7C47-8573-4182-A930-965BD0124CCD}"
EndProject
Project("{2150E333-8FDC-42A3-9474-1A3956D46DE8}") = "Wiki", "Wiki", "{B0B6D823-06B5-4D74-A107-BB36E2178361}"
EndProject
Project("{9A19103F-16F7-4668-BE54-9A1E7A4F7556}") = "MaterialKit.Core", "MaterialKit\MaterialKit.Core.csproj", "{1BA18585-9D8F-4C4E-831A-5C805A904974}"
EndProject
Project("{9A19103F-16F7-4668-BE54-9A1E7A4F7556}") = "MaterialKit.Backdrop", "Lib\MaterialKit.Backdrop\MaterialKit.Backdrop.csproj", "{DA038BC0-6D27-4D58-BCCA-A06D486EB8F3}"
EndProject
Project("{2150E333-8FDC-42A3-9474-1A3956D46DE8}") = "Solution Items", "Solution Items", "{E89956F7-08DB-4DF7-A4CA-A3E3FC69157C}"
	ProjectSection(SolutionItems) = preProject
		README.md = README.md
	EndProjectSection
EndProject
Project("{FAE04EC0-301F-11D3-BF4B-00C04F79EFBC}") = "SampleMaterialKit.Android", "SampleMaterialKit\SampleMaterialKit.Android\SampleMaterialKit.Android.csproj", "{DD5B7E9B-EC08-4193-868A-9F0F5A1B7ED8}"
EndProject
Project("{FAE04EC0-301F-11D3-BF4B-00C04F79EFBC}") = "SampleMaterialKit.iOS", "SampleMaterialKit\SampleMaterialKit.iOS\SampleMaterialKit.iOS.csproj", "{EDA56E08-B485-4249-B352-81B9035FCBA1}"
EndProject
Project("{FAE04EC0-301F-11D3-BF4B-00C04F79EFBC}") = "SampleMaterialKit", "SampleMaterialKit\SampleMaterialKit\SampleMaterialKit.csproj", "{C054D911-AD1B-4A66-9276-55E4A16B9FED}"
EndProject
Project("{9A19103F-16F7-4668-BE54-9A1E7A4F7556}") = "MaterialKit.Chips", "Lib\MaterialKit.Chips\MaterialKit.Chips.csproj", "{B23F3F5D-D217-481F-8901-5A12A75925FD}"
EndProject
Global
	GlobalSection(SolutionConfigurationPlatforms) = preSolution
		Ad-Hoc|Any CPU = Ad-Hoc|Any CPU
		Ad-Hoc|iPhone = Ad-Hoc|iPhone
		Ad-Hoc|iPhoneSimulator = Ad-Hoc|iPhoneSimulator
		AppStore|Any CPU = AppStore|Any CPU
		AppStore|iPhone = AppStore|iPhone
		AppStore|iPhoneSimulator = AppStore|iPhoneSimulator
		Debug|Any CPU = Debug|Any CPU
		Debug|iPhone = Debug|iPhone
		Debug|iPhoneSimulator = Debug|iPhoneSimulator
		Release|Any CPU = Release|Any CPU
		Release|iPhone = Release|iPhone
		Release|iPhoneSimulator = Release|iPhoneSimulator
	EndGlobalSection
	GlobalSection(ProjectConfigurationPlatforms) = postSolution
		{1BA18585-9D8F-4C4E-831A-5C805A904974}.Ad-Hoc|Any CPU.ActiveCfg = Release|Any CPU
		{1BA18585-9D8F-4C4E-831A-5C805A904974}.Ad-Hoc|Any CPU.Build.0 = Release|Any CPU
		{1BA18585-9D8F-4C4E-831A-5C805A904974}.Ad-Hoc|iPhone.ActiveCfg = Release|Any CPU
		{1BA18585-9D8F-4C4E-831A-5C805A904974}.Ad-Hoc|iPhone.Build.0 = Release|Any CPU
		{1BA18585-9D8F-4C4E-831A-5C805A904974}.Ad-Hoc|iPhoneSimulator.ActiveCfg = Release|Any CPU
		{1BA18585-9D8F-4C4E-831A-5C805A904974}.Ad-Hoc|iPhoneSimulator.Build.0 = Release|Any CPU
		{1BA18585-9D8F-4C4E-831A-5C805A904974}.AppStore|Any CPU.ActiveCfg = Release|Any CPU
		{1BA18585-9D8F-4C4E-831A-5C805A904974}.AppStore|Any CPU.Build.0 = Release|Any CPU
		{1BA18585-9D8F-4C4E-831A-5C805A904974}.AppStore|iPhone.ActiveCfg = Release|Any CPU
		{1BA18585-9D8F-4C4E-831A-5C805A904974}.AppStore|iPhone.Build.0 = Release|Any CPU
		{1BA18585-9D8F-4C4E-831A-5C805A904974}.AppStore|iPhoneSimulator.ActiveCfg = Release|Any CPU
		{1BA18585-9D8F-4C4E-831A-5C805A904974}.AppStore|iPhoneSimulator.Build.0 = Release|Any CPU
		{1BA18585-9D8F-4C4E-831A-5C805A904974}.Debug|Any CPU.ActiveCfg = Debug|Any CPU
		{1BA18585-9D8F-4C4E-831A-5C805A904974}.Debug|Any CPU.Build.0 = Debug|Any CPU
		{1BA18585-9D8F-4C4E-831A-5C805A904974}.Debug|iPhone.ActiveCfg = Debug|Any CPU
		{1BA18585-9D8F-4C4E-831A-5C805A904974}.Debug|iPhone.Build.0 = Debug|Any CPU
		{1BA18585-9D8F-4C4E-831A-5C805A904974}.Debug|iPhoneSimulator.ActiveCfg = Debug|Any CPU
		{1BA18585-9D8F-4C4E-831A-5C805A904974}.Debug|iPhoneSimulator.Build.0 = Debug|Any CPU
		{1BA18585-9D8F-4C4E-831A-5C805A904974}.Release|Any CPU.ActiveCfg = Release|Any CPU
		{1BA18585-9D8F-4C4E-831A-5C805A904974}.Release|Any CPU.Build.0 = Release|Any CPU
		{1BA18585-9D8F-4C4E-831A-5C805A904974}.Release|iPhone.ActiveCfg = Release|Any CPU
		{1BA18585-9D8F-4C4E-831A-5C805A904974}.Release|iPhone.Build.0 = Release|Any CPU
		{1BA18585-9D8F-4C4E-831A-5C805A904974}.Release|iPhoneSimulator.ActiveCfg = Release|Any CPU
		{1BA18585-9D8F-4C4E-831A-5C805A904974}.Release|iPhoneSimulator.Build.0 = Release|Any CPU
		{DA038BC0-6D27-4D58-BCCA-A06D486EB8F3}.Ad-Hoc|Any CPU.ActiveCfg = Debug|Any CPU
		{DA038BC0-6D27-4D58-BCCA-A06D486EB8F3}.Ad-Hoc|Any CPU.Build.0 = Debug|Any CPU
		{DA038BC0-6D27-4D58-BCCA-A06D486EB8F3}.Ad-Hoc|iPhone.ActiveCfg = Debug|Any CPU
		{DA038BC0-6D27-4D58-BCCA-A06D486EB8F3}.Ad-Hoc|iPhone.Build.0 = Debug|Any CPU
		{DA038BC0-6D27-4D58-BCCA-A06D486EB8F3}.Ad-Hoc|iPhoneSimulator.ActiveCfg = Debug|Any CPU
		{DA038BC0-6D27-4D58-BCCA-A06D486EB8F3}.Ad-Hoc|iPhoneSimulator.Build.0 = Debug|Any CPU
		{DA038BC0-6D27-4D58-BCCA-A06D486EB8F3}.AppStore|Any CPU.ActiveCfg = Debug|Any CPU
		{DA038BC0-6D27-4D58-BCCA-A06D486EB8F3}.AppStore|Any CPU.Build.0 = Debug|Any CPU
		{DA038BC0-6D27-4D58-BCCA-A06D486EB8F3}.AppStore|iPhone.ActiveCfg = Debug|Any CPU
		{DA038BC0-6D27-4D58-BCCA-A06D486EB8F3}.AppStore|iPhone.Build.0 = Debug|Any CPU
		{DA038BC0-6D27-4D58-BCCA-A06D486EB8F3}.AppStore|iPhoneSimulator.ActiveCfg = Debug|Any CPU
		{DA038BC0-6D27-4D58-BCCA-A06D486EB8F3}.AppStore|iPhoneSimulator.Build.0 = Debug|Any CPU
		{DA038BC0-6D27-4D58-BCCA-A06D486EB8F3}.Debug|Any CPU.ActiveCfg = Debug|Any CPU
		{DA038BC0-6D27-4D58-BCCA-A06D486EB8F3}.Debug|Any CPU.Build.0 = Debug|Any CPU
		{DA038BC0-6D27-4D58-BCCA-A06D486EB8F3}.Debug|iPhone.ActiveCfg = Debug|Any CPU
		{DA038BC0-6D27-4D58-BCCA-A06D486EB8F3}.Debug|iPhone.Build.0 = Debug|Any CPU
		{DA038BC0-6D27-4D58-BCCA-A06D486EB8F3}.Debug|iPhoneSimulator.ActiveCfg = Debug|Any CPU
		{DA038BC0-6D27-4D58-BCCA-A06D486EB8F3}.Debug|iPhoneSimulator.Build.0 = Debug|Any CPU
		{DA038BC0-6D27-4D58-BCCA-A06D486EB8F3}.Release|Any CPU.ActiveCfg = Release|Any CPU
		{DA038BC0-6D27-4D58-BCCA-A06D486EB8F3}.Release|Any CPU.Build.0 = Release|Any CPU
		{DA038BC0-6D27-4D58-BCCA-A06D486EB8F3}.Release|iPhone.ActiveCfg = Release|Any CPU
		{DA038BC0-6D27-4D58-BCCA-A06D486EB8F3}.Release|iPhone.Build.0 = Release|Any CPU
		{DA038BC0-6D27-4D58-BCCA-A06D486EB8F3}.Release|iPhoneSimulator.ActiveCfg = Release|Any CPU
		{DA038BC0-6D27-4D58-BCCA-A06D486EB8F3}.Release|iPhoneSimulator.Build.0 = Release|Any CPU
		{DD5B7E9B-EC08-4193-868A-9F0F5A1B7ED8}.Ad-Hoc|Any CPU.ActiveCfg = Release|Any CPU
		{DD5B7E9B-EC08-4193-868A-9F0F5A1B7ED8}.Ad-Hoc|Any CPU.Build.0 = Release|Any CPU
		{DD5B7E9B-EC08-4193-868A-9F0F5A1B7ED8}.Ad-Hoc|Any CPU.Deploy.0 = Release|Any CPU
		{DD5B7E9B-EC08-4193-868A-9F0F5A1B7ED8}.Ad-Hoc|iPhone.ActiveCfg = Release|Any CPU
		{DD5B7E9B-EC08-4193-868A-9F0F5A1B7ED8}.Ad-Hoc|iPhone.Build.0 = Release|Any CPU
		{DD5B7E9B-EC08-4193-868A-9F0F5A1B7ED8}.Ad-Hoc|iPhone.Deploy.0 = Release|Any CPU
		{DD5B7E9B-EC08-4193-868A-9F0F5A1B7ED8}.Ad-Hoc|iPhoneSimulator.ActiveCfg = Release|Any CPU
		{DD5B7E9B-EC08-4193-868A-9F0F5A1B7ED8}.Ad-Hoc|iPhoneSimulator.Build.0 = Release|Any CPU
		{DD5B7E9B-EC08-4193-868A-9F0F5A1B7ED8}.Ad-Hoc|iPhoneSimulator.Deploy.0 = Release|Any CPU
		{DD5B7E9B-EC08-4193-868A-9F0F5A1B7ED8}.AppStore|Any CPU.ActiveCfg = Release|Any CPU
		{DD5B7E9B-EC08-4193-868A-9F0F5A1B7ED8}.AppStore|Any CPU.Build.0 = Release|Any CPU
		{DD5B7E9B-EC08-4193-868A-9F0F5A1B7ED8}.AppStore|Any CPU.Deploy.0 = Release|Any CPU
		{DD5B7E9B-EC08-4193-868A-9F0F5A1B7ED8}.AppStore|iPhone.ActiveCfg = Release|Any CPU
		{DD5B7E9B-EC08-4193-868A-9F0F5A1B7ED8}.AppStore|iPhone.Build.0 = Release|Any CPU
		{DD5B7E9B-EC08-4193-868A-9F0F5A1B7ED8}.AppStore|iPhone.Deploy.0 = Release|Any CPU
		{DD5B7E9B-EC08-4193-868A-9F0F5A1B7ED8}.AppStore|iPhoneSimulator.ActiveCfg = Release|Any CPU
		{DD5B7E9B-EC08-4193-868A-9F0F5A1B7ED8}.AppStore|iPhoneSimulator.Build.0 = Release|Any CPU
		{DD5B7E9B-EC08-4193-868A-9F0F5A1B7ED8}.AppStore|iPhoneSimulator.Deploy.0 = Release|Any CPU
		{DD5B7E9B-EC08-4193-868A-9F0F5A1B7ED8}.Debug|Any CPU.ActiveCfg = Debug|Any CPU
		{DD5B7E9B-EC08-4193-868A-9F0F5A1B7ED8}.Debug|Any CPU.Build.0 = Debug|Any CPU
		{DD5B7E9B-EC08-4193-868A-9F0F5A1B7ED8}.Debug|Any CPU.Deploy.0 = Debug|Any CPU
		{DD5B7E9B-EC08-4193-868A-9F0F5A1B7ED8}.Debug|iPhone.ActiveCfg = Debug|Any CPU
		{DD5B7E9B-EC08-4193-868A-9F0F5A1B7ED8}.Debug|iPhone.Build.0 = Debug|Any CPU
		{DD5B7E9B-EC08-4193-868A-9F0F5A1B7ED8}.Debug|iPhone.Deploy.0 = Debug|Any CPU
		{DD5B7E9B-EC08-4193-868A-9F0F5A1B7ED8}.Debug|iPhoneSimulator.ActiveCfg = Debug|Any CPU
		{DD5B7E9B-EC08-4193-868A-9F0F5A1B7ED8}.Debug|iPhoneSimulator.Build.0 = Debug|Any CPU
		{DD5B7E9B-EC08-4193-868A-9F0F5A1B7ED8}.Debug|iPhoneSimulator.Deploy.0 = Debug|Any CPU
		{DD5B7E9B-EC08-4193-868A-9F0F5A1B7ED8}.Release|Any CPU.ActiveCfg = Release|Any CPU
		{DD5B7E9B-EC08-4193-868A-9F0F5A1B7ED8}.Release|Any CPU.Build.0 = Release|Any CPU
		{DD5B7E9B-EC08-4193-868A-9F0F5A1B7ED8}.Release|Any CPU.Deploy.0 = Release|Any CPU
		{DD5B7E9B-EC08-4193-868A-9F0F5A1B7ED8}.Release|iPhone.ActiveCfg = Release|Any CPU
		{DD5B7E9B-EC08-4193-868A-9F0F5A1B7ED8}.Release|iPhone.Build.0 = Release|Any CPU
		{DD5B7E9B-EC08-4193-868A-9F0F5A1B7ED8}.Release|iPhone.Deploy.0 = Release|Any CPU
		{DD5B7E9B-EC08-4193-868A-9F0F5A1B7ED8}.Release|iPhoneSimulator.ActiveCfg = Release|Any CPU
		{DD5B7E9B-EC08-4193-868A-9F0F5A1B7ED8}.Release|iPhoneSimulator.Build.0 = Release|Any CPU
		{DD5B7E9B-EC08-4193-868A-9F0F5A1B7ED8}.Release|iPhoneSimulator.Deploy.0 = Release|Any CPU
		{EDA56E08-B485-4249-B352-81B9035FCBA1}.Ad-Hoc|Any CPU.ActiveCfg = Ad-Hoc|iPhone
		{EDA56E08-B485-4249-B352-81B9035FCBA1}.Ad-Hoc|iPhone.ActiveCfg = Ad-Hoc|iPhone
		{EDA56E08-B485-4249-B352-81B9035FCBA1}.Ad-Hoc|iPhone.Build.0 = Ad-Hoc|iPhone
		{EDA56E08-B485-4249-B352-81B9035FCBA1}.Ad-Hoc|iPhoneSimulator.ActiveCfg = Ad-Hoc|iPhoneSimulator
		{EDA56E08-B485-4249-B352-81B9035FCBA1}.Ad-Hoc|iPhoneSimulator.Build.0 = Ad-Hoc|iPhoneSimulator
		{EDA56E08-B485-4249-B352-81B9035FCBA1}.AppStore|Any CPU.ActiveCfg = AppStore|iPhone
		{EDA56E08-B485-4249-B352-81B9035FCBA1}.AppStore|iPhone.ActiveCfg = AppStore|iPhone
		{EDA56E08-B485-4249-B352-81B9035FCBA1}.AppStore|iPhone.Build.0 = AppStore|iPhone
		{EDA56E08-B485-4249-B352-81B9035FCBA1}.AppStore|iPhoneSimulator.ActiveCfg = AppStore|iPhoneSimulator
		{EDA56E08-B485-4249-B352-81B9035FCBA1}.AppStore|iPhoneSimulator.Build.0 = AppStore|iPhoneSimulator
		{EDA56E08-B485-4249-B352-81B9035FCBA1}.Debug|Any CPU.ActiveCfg = Debug|iPhone
		{EDA56E08-B485-4249-B352-81B9035FCBA1}.Debug|iPhone.ActiveCfg = Debug|iPhone
		{EDA56E08-B485-4249-B352-81B9035FCBA1}.Debug|iPhone.Build.0 = Debug|iPhone
		{EDA56E08-B485-4249-B352-81B9035FCBA1}.Debug|iPhoneSimulator.ActiveCfg = Debug|iPhoneSimulator
		{EDA56E08-B485-4249-B352-81B9035FCBA1}.Debug|iPhoneSimulator.Build.0 = Debug|iPhoneSimulator
		{EDA56E08-B485-4249-B352-81B9035FCBA1}.Release|Any CPU.ActiveCfg = Release|iPhone
		{EDA56E08-B485-4249-B352-81B9035FCBA1}.Release|iPhone.ActiveCfg = Release|iPhone
		{EDA56E08-B485-4249-B352-81B9035FCBA1}.Release|iPhone.Build.0 = Release|iPhone
		{EDA56E08-B485-4249-B352-81B9035FCBA1}.Release|iPhoneSimulator.ActiveCfg = Release|iPhoneSimulator
		{EDA56E08-B485-4249-B352-81B9035FCBA1}.Release|iPhoneSimulator.Build.0 = Release|iPhoneSimulator
		{C054D911-AD1B-4A66-9276-55E4A16B9FED}.Ad-Hoc|Any CPU.ActiveCfg = Debug|Any CPU
		{C054D911-AD1B-4A66-9276-55E4A16B9FED}.Ad-Hoc|Any CPU.Build.0 = Debug|Any CPU
		{C054D911-AD1B-4A66-9276-55E4A16B9FED}.Ad-Hoc|iPhone.ActiveCfg = Debug|Any CPU
		{C054D911-AD1B-4A66-9276-55E4A16B9FED}.Ad-Hoc|iPhone.Build.0 = Debug|Any CPU
		{C054D911-AD1B-4A66-9276-55E4A16B9FED}.Ad-Hoc|iPhoneSimulator.ActiveCfg = Debug|Any CPU
		{C054D911-AD1B-4A66-9276-55E4A16B9FED}.Ad-Hoc|iPhoneSimulator.Build.0 = Debug|Any CPU
		{C054D911-AD1B-4A66-9276-55E4A16B9FED}.AppStore|Any CPU.ActiveCfg = Debug|Any CPU
		{C054D911-AD1B-4A66-9276-55E4A16B9FED}.AppStore|Any CPU.Build.0 = Debug|Any CPU
		{C054D911-AD1B-4A66-9276-55E4A16B9FED}.AppStore|iPhone.ActiveCfg = Debug|Any CPU
		{C054D911-AD1B-4A66-9276-55E4A16B9FED}.AppStore|iPhone.Build.0 = Debug|Any CPU
		{C054D911-AD1B-4A66-9276-55E4A16B9FED}.AppStore|iPhoneSimulator.ActiveCfg = Debug|Any CPU
		{C054D911-AD1B-4A66-9276-55E4A16B9FED}.AppStore|iPhoneSimulator.Build.0 = Debug|Any CPU
		{C054D911-AD1B-4A66-9276-55E4A16B9FED}.Debug|Any CPU.ActiveCfg = Debug|Any CPU
		{C054D911-AD1B-4A66-9276-55E4A16B9FED}.Debug|Any CPU.Build.0 = Debug|Any CPU
		{C054D911-AD1B-4A66-9276-55E4A16B9FED}.Debug|iPhone.ActiveCfg = Debug|Any CPU
		{C054D911-AD1B-4A66-9276-55E4A16B9FED}.Debug|iPhone.Build.0 = Debug|Any CPU
		{C054D911-AD1B-4A66-9276-55E4A16B9FED}.Debug|iPhoneSimulator.ActiveCfg = Debug|Any CPU
		{C054D911-AD1B-4A66-9276-55E4A16B9FED}.Debug|iPhoneSimulator.Build.0 = Debug|Any CPU
		{C054D911-AD1B-4A66-9276-55E4A16B9FED}.Release|Any CPU.ActiveCfg = Release|Any CPU
		{C054D911-AD1B-4A66-9276-55E4A16B9FED}.Release|Any CPU.Build.0 = Release|Any CPU
		{C054D911-AD1B-4A66-9276-55E4A16B9FED}.Release|iPhone.ActiveCfg = Release|Any CPU
		{C054D911-AD1B-4A66-9276-55E4A16B9FED}.Release|iPhone.Build.0 = Release|Any CPU
		{C054D911-AD1B-4A66-9276-55E4A16B9FED}.Release|iPhoneSimulator.ActiveCfg = Release|Any CPU
		{C054D911-AD1B-4A66-9276-55E4A16B9FED}.Release|iPhoneSimulator.Build.0 = Release|Any CPU
		{B23F3F5D-D217-481F-8901-5A12A75925FD}.Ad-Hoc|Any CPU.ActiveCfg = Debug|Any CPU
		{B23F3F5D-D217-481F-8901-5A12A75925FD}.Ad-Hoc|Any CPU.Build.0 = Debug|Any CPU
		{B23F3F5D-D217-481F-8901-5A12A75925FD}.Ad-Hoc|iPhone.ActiveCfg = Debug|Any CPU
		{B23F3F5D-D217-481F-8901-5A12A75925FD}.Ad-Hoc|iPhone.Build.0 = Debug|Any CPU
		{B23F3F5D-D217-481F-8901-5A12A75925FD}.Ad-Hoc|iPhoneSimulator.ActiveCfg = Debug|Any CPU
		{B23F3F5D-D217-481F-8901-5A12A75925FD}.Ad-Hoc|iPhoneSimulator.Build.0 = Debug|Any CPU
		{B23F3F5D-D217-481F-8901-5A12A75925FD}.AppStore|Any CPU.ActiveCfg = Debug|Any CPU
		{B23F3F5D-D217-481F-8901-5A12A75925FD}.AppStore|Any CPU.Build.0 = Debug|Any CPU
		{B23F3F5D-D217-481F-8901-5A12A75925FD}.AppStore|iPhone.ActiveCfg = Debug|Any CPU
		{B23F3F5D-D217-481F-8901-5A12A75925FD}.AppStore|iPhone.Build.0 = Debug|Any CPU
		{B23F3F5D-D217-481F-8901-5A12A75925FD}.AppStore|iPhoneSimulator.ActiveCfg = Debug|Any CPU
		{B23F3F5D-D217-481F-8901-5A12A75925FD}.AppStore|iPhoneSimulator.Build.0 = Debug|Any CPU
		{B23F3F5D-D217-481F-8901-5A12A75925FD}.Debug|Any CPU.ActiveCfg = Debug|Any CPU
		{B23F3F5D-D217-481F-8901-5A12A75925FD}.Debug|Any CPU.Build.0 = Debug|Any CPU
		{B23F3F5D-D217-481F-8901-5A12A75925FD}.Debug|iPhone.ActiveCfg = Debug|Any CPU
		{B23F3F5D-D217-481F-8901-5A12A75925FD}.Debug|iPhone.Build.0 = Debug|Any CPU
		{B23F3F5D-D217-481F-8901-5A12A75925FD}.Debug|iPhoneSimulator.ActiveCfg = Debug|Any CPU
		{B23F3F5D-D217-481F-8901-5A12A75925FD}.Debug|iPhoneSimulator.Build.0 = Debug|Any CPU
		{B23F3F5D-D217-481F-8901-5A12A75925FD}.Release|Any CPU.ActiveCfg = Release|Any CPU
		{B23F3F5D-D217-481F-8901-5A12A75925FD}.Release|Any CPU.Build.0 = Release|Any CPU
		{B23F3F5D-D217-481F-8901-5A12A75925FD}.Release|iPhone.ActiveCfg = Release|Any CPU
		{B23F3F5D-D217-481F-8901-5A12A75925FD}.Release|iPhone.Build.0 = Release|Any CPU
		{B23F3F5D-D217-481F-8901-5A12A75925FD}.Release|iPhoneSimulator.ActiveCfg = Release|Any CPU
		{B23F3F5D-D217-481F-8901-5A12A75925FD}.Release|iPhoneSimulator.Build.0 = Release|Any CPU
	EndGlobalSection
	GlobalSection(SolutionProperties) = preSolution
		HideSolutionNode = FALSE
	EndGlobalSection
	GlobalSection(NestedProjects) = preSolution
		{1BA18585-9D8F-4C4E-831A-5C805A904974} = {AF84AF78-2EE7-413B-9BD9-E8464EF25F29}
		{DA038BC0-6D27-4D58-BCCA-A06D486EB8F3} = {AF84AF78-2EE7-413B-9BD9-E8464EF25F29}
		{DD5B7E9B-EC08-4193-868A-9F0F5A1B7ED8} = {FCBD7C47-8573-4182-A930-965BD0124CCD}
		{EDA56E08-B485-4249-B352-81B9035FCBA1} = {FCBD7C47-8573-4182-A930-965BD0124CCD}
		{C054D911-AD1B-4A66-9276-55E4A16B9FED} = {FCBD7C47-8573-4182-A930-965BD0124CCD}
		{B23F3F5D-D217-481F-8901-5A12A75925FD} = {AF84AF78-2EE7-413B-9BD9-E8464EF25F29}
	EndGlobalSection
	GlobalSection(ExtensibilityGlobals) = postSolution
		SolutionGuid = {9C0EC3B8-26D1-4EA6-8797-47C705EB488D}
	EndGlobalSection
EndGlobal
